
Microsoft Visual Studio Solution File, Format Version 12.00
Project("{FAE04EC0-301F-11D3-BF4B-00C04F79EFBC}") = "STIVE.API", "STIVE.API\STIVE.API.csproj", "{60DDBEFB-4A48-4CA6-A17F-F86338ECF6EF}"
EndProject
Global
	GlobalSection(SolutionConfigurationPlatforms) = preSolution
		Debug|Any CPU = Debug|Any CPU
		Release|Any CPU = Release|Any CPU
	EndGlobalSection
	GlobalSection(ProjectConfigurationPlatforms) = postSolution
		{60DDBEFB-4A48-4CA6-A17F-F86338ECF6EF}.Debug|Any CPU.ActiveCfg = Debug|Any CPU
		{60DDBEFB-4A48-4CA6-A17F-F86338ECF6EF}.Debug|Any CPU.Build.0 = Debug|Any CPU
		{60DDBEFB-4A48-4CA6-A17F-F86338ECF6EF}.Release|Any CPU.ActiveCfg = Release|Any CPU
		{60DDBEFB-4A48-4CA6-A17F-F86338ECF6EF}.Release|Any CPU.Build.0 = Release|Any CPU
	EndGlobalSection
EndGlobal
