
Microsoft Visual Studio Solution File, Format Version 12.00
Project("{FAE04EC0-301F-11D3-BF4B-00C04F79EFBC}") = "STIVE.API", "STIVE.API\STIVE.API.csproj", "{6923E3F8-C602-4D29-95DA-650A0C8C1DB1}"
EndProject
Global
	GlobalSection(SolutionConfigurationPlatforms) = preSolution
		Debug|Any CPU = Debug|Any CPU
		Release|Any CPU = Release|Any CPU
	EndGlobalSection
	GlobalSection(ProjectConfigurationPlatforms) = postSolution
		{6923E3F8-C602-4D29-95DA-650A0C8C1DB1}.Debug|Any CPU.ActiveCfg = Debug|Any CPU
		{6923E3F8-C602-4D29-95DA-650A0C8C1DB1}.Debug|Any CPU.Build.0 = Debug|Any CPU
		{6923E3F8-C602-4D29-95DA-650A0C8C1DB1}.Release|Any CPU.ActiveCfg = Release|Any CPU
		{6923E3F8-C602-4D29-95DA-650A0C8C1DB1}.Release|Any CPU.Build.0 = Release|Any CPU
	EndGlobalSection
EndGlobal
